
Microsoft Visual Studio Solution File, Format Version 12.00
# Visual Studio Version 16
VisualStudioVersion = 16.0.30128.74
MinimumVisualStudioVersion = 10.0.40219.1
Project("{FAE04EC0-301F-11D3-BF4B-00C04F79EFBC}") = "Spa", "Spa\Spa.csproj", "{E8CD2A0D-95F9-4030-A215-9C787D329FF0}"
EndProject
Global
	GlobalSection(SolutionConfigurationPlatforms) = preSolution
		Debug|Any CPU = Debug|Any CPU
		Release|Any CPU = Release|Any CPU
	EndGlobalSection
	GlobalSection(ProjectConfigurationPlatforms) = postSolution
		{E8CD2A0D-95F9-4030-A215-9C787D329FF0}.Debug|Any CPU.ActiveCfg = Debug|Any CPU
		{E8CD2A0D-95F9-4030-A215-9C787D329FF0}.Debug|Any CPU.Build.0 = Debug|Any CPU
		{E8CD2A0D-95F9-4030-A215-9C787D329FF0}.Release|Any CPU.ActiveCfg = Release|Any CPU
		{E8CD2A0D-95F9-4030-A215-9C787D329FF0}.Release|Any CPU.Build.0 = Release|Any CPU
	EndGlobalSection
	GlobalSection(SolutionProperties) = preSolution
		HideSolutionNode = FALSE
	EndGlobalSection
	GlobalSection(ExtensibilityGlobals) = postSolution
		SolutionGuid = {4CE338C3-54FE-456B-A822-90BFB53A000D}
	EndGlobalSection
EndGlobal
